
Microsoft Visual Studio Solution File, Format Version 12.00
# Visual Studio Version 17
VisualStudioVersion = 17.0.31903.59
MinimumVisualStudioVersion = 10.0.40219.1
Project("{2150E333-8FDC-42A3-9474-1A3956D46DE8}") = "src", "src", "{827E0CD3-B72D-47B6-A68D-7590B98EB39B}"
EndProject
Project("{FAE04EC0-301F-11D3-BF4B-00C04F79EFBC}") = "Hydra.Desktop.App", "src\Hydra.Desktop.App\Hydra.Desktop.App.csproj", "{45DAA28A-10FC-4211-A2C4-EF9EE91733B4}"
EndProject
Project("{FAE04EC0-301F-11D3-BF4B-00C04F79EFBC}") = "Hydra.Desktop.Core", "src\Hydra.Desktop.Core\Hydra.Desktop.Core.csproj", "{BFB46F01-C764-40E2-9AFE-7D3FA86BEEEE}"
EndProject
Project("{FAE04EC0-301F-11D3-BF4B-00C04F79EFBC}") = "Hydra.Desktop.Infrastructure", "src\Hydra.Desktop.Infrastructure\Hydra.Desktop.Infrastructure.csproj", "{B131F83D-D8DA-4C1C-B2AC-061BED0638A6}"
EndProject
Global
	GlobalSection(SolutionConfigurationPlatforms) = preSolution
		Debug|Any CPU = Debug|Any CPU
		Debug|x64 = Debug|x64
		Debug|x86 = Debug|x86
		Release|Any CPU = Release|Any CPU
		Release|x64 = Release|x64
		Release|x86 = Release|x86
	EndGlobalSection
	GlobalSection(ProjectConfigurationPlatforms) = postSolution
		{45DAA28A-10FC-4211-A2C4-EF9EE91733B4}.Debug|Any CPU.ActiveCfg = Debug|Any CPU
		{45DAA28A-10FC-4211-A2C4-EF9EE91733B4}.Debug|Any CPU.Build.0 = Debug|Any CPU
		{45DAA28A-10FC-4211-A2C4-EF9EE91733B4}.Debug|x64.ActiveCfg = Debug|Any CPU
		{45DAA28A-10FC-4211-A2C4-EF9EE91733B4}.Debug|x64.Build.0 = Debug|Any CPU
		{45DAA28A-10FC-4211-A2C4-EF9EE91733B4}.Debug|x86.ActiveCfg = Debug|Any CPU
		{45DAA28A-10FC-4211-A2C4-EF9EE91733B4}.Debug|x86.Build.0 = Debug|Any CPU
		{45DAA28A-10FC-4211-A2C4-EF9EE91733B4}.Release|Any CPU.ActiveCfg = Release|Any CPU
		{45DAA28A-10FC-4211-A2C4-EF9EE91733B4}.Release|Any CPU.Build.0 = Release|Any CPU
		{45DAA28A-10FC-4211-A2C4-EF9EE91733B4}.Release|x64.ActiveCfg = Release|Any CPU
		{45DAA28A-10FC-4211-A2C4-EF9EE91733B4}.Release|x64.Build.0 = Release|Any CPU
		{45DAA28A-10FC-4211-A2C4-EF9EE91733B4}.Release|x86.ActiveCfg = Release|Any CPU
		{45DAA28A-10FC-4211-A2C4-EF9EE91733B4}.Release|x86.Build.0 = Release|Any CPU
		{BFB46F01-C764-40E2-9AFE-7D3FA86BEEEE}.Debug|Any CPU.ActiveCfg = Debug|Any CPU
		{BFB46F01-C764-40E2-9AFE-7D3FA86BEEEE}.Debug|Any CPU.Build.0 = Debug|Any CPU
		{BFB46F01-C764-40E2-9AFE-7D3FA86BEEEE}.Debug|x64.ActiveCfg = Debug|Any CPU
		{BFB46F01-C764-40E2-9AFE-7D3FA86BEEEE}.Debug|x64.Build.0 = Debug|Any CPU
		{BFB46F01-C764-40E2-9AFE-7D3FA86BEEEE}.Debug|x86.ActiveCfg = Debug|Any CPU
		{BFB46F01-C764-40E2-9AFE-7D3FA86BEEEE}.Debug|x86.Build.0 = Debug|Any CPU
		{BFB46F01-C764-40E2-9AFE-7D3FA86BEEEE}.Release|Any CPU.ActiveCfg = Release|Any CPU
		{BFB46F01-C764-40E2-9AFE-7D3FA86BEEEE}.Release|Any CPU.Build.0 = Release|Any CPU
		{BFB46F01-C764-40E2-9AFE-7D3FA86BEEEE}.Release|x64.ActiveCfg = Release|Any CPU
		{BFB46F01-C764-40E2-9AFE-7D3FA86BEEEE}.Release|x64.Build.0 = Release|Any CPU
		{BFB46F01-C764-40E2-9AFE-7D3FA86BEEEE}.Release|x86.ActiveCfg = Release|Any CPU
		{BFB46F01-C764-40E2-9AFE-7D3FA86BEEEE}.Release|x86.Build.0 = Release|Any CPU
		{B131F83D-D8DA-4C1C-B2AC-061BED0638A6}.Debug|Any CPU.ActiveCfg = Debug|Any CPU
		{B131F83D-D8DA-4C1C-B2AC-061BED0638A6}.Debug|Any CPU.Build.0 = Debug|Any CPU
		{B131F83D-D8DA-4C1C-B2AC-061BED0638A6}.Debug|x64.ActiveCfg = Debug|Any CPU
		{B131F83D-D8DA-4C1C-B2AC-061BED0638A6}.Debug|x64.Build.0 = Debug|Any CPU
		{B131F83D-D8DA-4C1C-B2AC-061BED0638A6}.Debug|x86.ActiveCfg = Debug|Any CPU
		{B131F83D-D8DA-4C1C-B2AC-061BED0638A6}.Debug|x86.Build.0 = Debug|Any CPU
		{B131F83D-D8DA-4C1C-B2AC-061BED0638A6}.Release|Any CPU.ActiveCfg = Release|Any CPU
		{B131F83D-D8DA-4C1C-B2AC-061BED0638A6}.Release|Any CPU.Build.0 = Release|Any CPU
		{B131F83D-D8DA-4C1C-B2AC-061BED0638A6}.Release|x64.ActiveCfg = Release|Any CPU
		{B131F83D-D8DA-4C1C-B2AC-061BED0638A6}.Release|x64.Build.0 = Release|Any CPU
		{B131F83D-D8DA-4C1C-B2AC-061BED0638A6}.Release|x86.ActiveCfg = Release|Any CPU
		{B131F83D-D8DA-4C1C-B2AC-061BED0638A6}.Release|x86.Build.0 = Release|Any CPU
	EndGlobalSection
	GlobalSection(SolutionProperties) = preSolution
		HideSolutionNode = FALSE
	EndGlobalSection
	GlobalSection(NestedProjects) = preSolution
		{45DAA28A-10FC-4211-A2C4-EF9EE91733B4} = {827E0CD3-B72D-47B6-A68D-7590B98EB39B}
		{BFB46F01-C764-40E2-9AFE-7D3FA86BEEEE} = {827E0CD3-B72D-47B6-A68D-7590B98EB39B}
		{B131F83D-D8DA-4C1C-B2AC-061BED0638A6} = {827E0CD3-B72D-47B6-A68D-7590B98EB39B}
	EndGlobalSection
EndGlobal
